// !$*UTF8*$!
{
	archiveVersion = 1;
	classes = {
	};
	objectVersion = 50;
	objects = {

/* Begin PBXBuildFile section */
		11E1A4C97119502142CE35DC /* Pods_CafYelp.framework in Frameworks */ = {isa = PBXBuildFile; fileRef = 6F005ABEAB866368413EF594 /* Pods_CafYelp.framework */; };
		AF40002D2082933700114904 /* Reviews.swift in Sources */ = {isa = PBXBuildFile; fileRef = AF40002C2082933700114904 /* Reviews.swift */; };
		AFC0FC8E2082628C0026F31F /* MealDetailsVC.swift in Sources */ = {isa = PBXBuildFile; fileRef = AFC0FC8D2082628C0026F31F /* MealDetailsVC.swift */; };
		C822DB3F20823AD400A1A008 /* AppDelegate.swift in Sources */ = {isa = PBXBuildFile; fileRef = C822DB3E20823AD400A1A008 /* AppDelegate.swift */; };
		C822DB4120823AD400A1A008 /* MealSelectVC.swift in Sources */ = {isa = PBXBuildFile; fileRef = C822DB4020823AD400A1A008 /* MealSelectVC.swift */; };
		C822DB4420823AD400A1A008 /* Main.storyboard in Resources */ = {isa = PBXBuildFile; fileRef = C822DB4220823AD400A1A008 /* Main.storyboard */; };
		C822DB4620823AD500A1A008 /* Assets.xcassets in Resources */ = {isa = PBXBuildFile; fileRef = C822DB4520823AD500A1A008 /* Assets.xcassets */; };
		C822DB4920823AD500A1A008 /* LaunchScreen.storyboard in Resources */ = {isa = PBXBuildFile; fileRef = C822DB4720823AD500A1A008 /* LaunchScreen.storyboard */; };
		C822DB5120823BB500A1A008 /* GoogleService-Info.plist in Resources */ = {isa = PBXBuildFile; fileRef = C822DB5020823BB500A1A008 /* GoogleService-Info.plist */; };
		C822DB552082585A00A1A008 /* LineSelectTVC.swift in Sources */ = {isa = PBXBuildFile; fileRef = C822DB542082585A00A1A008 /* LineSelectTVC.swift */; };
		C822DB57208258F500A1A008 /* Line.swift in Sources */ = {isa = PBXBuildFile; fileRef = C822DB56208258F500A1A008 /* Line.swift */; };
		C822DB592082933000A1A008 /* AddReviewVC.swift in Sources */ = {isa = PBXBuildFile; fileRef = C822DB582082933000A1A008 /* AddReviewVC.swift */; };
/* End PBXBuildFile section */

/* Begin PBXFileReference section */
		5E654C1A1526AD40DAA44C62 /* Pods-CafYelp.debug.xcconfig */ = {isa = PBXFileReference; includeInIndex = 1; lastKnownFileType = text.xcconfig; name = "Pods-CafYelp.debug.xcconfig"; path = "Pods/Target Support Files/Pods-CafYelp/Pods-CafYelp.debug.xcconfig"; sourceTree = "<group>"; };
		6F005ABEAB866368413EF594 /* Pods_CafYelp.framework */ = {isa = PBXFileReference; explicitFileType = wrapper.framework; includeInIndex = 0; path = Pods_CafYelp.framework; sourceTree = BUILT_PRODUCTS_DIR; };
		AF40002C2082933700114904 /* Reviews.swift */ = {isa = PBXFileReference; lastKnownFileType = sourcecode.swift; path = Reviews.swift; sourceTree = "<group>"; };
		AFC0FC8D2082628C0026F31F /* MealDetailsVC.swift */ = {isa = PBXFileReference; lastKnownFileType = sourcecode.swift; path = MealDetailsVC.swift; sourceTree = "<group>"; };
		C822DB3B20823AD400A1A008 /* CafYelp.app */ = {isa = PBXFileReference; explicitFileType = wrapper.application; includeInIndex = 0; path = CafYelp.app; sourceTree = BUILT_PRODUCTS_DIR; };
		C822DB3E20823AD400A1A008 /* AppDelegate.swift */ = {isa = PBXFileReference; lastKnownFileType = sourcecode.swift; path = AppDelegate.swift; sourceTree = "<group>"; };
		C822DB4020823AD400A1A008 /* MealSelectVC.swift */ = {isa = PBXFileReference; lastKnownFileType = sourcecode.swift; path = MealSelectVC.swift; sourceTree = "<group>"; };
		C822DB4320823AD400A1A008 /* Base */ = {isa = PBXFileReference; lastKnownFileType = file.storyboard; name = Base; path = Base.lproj/Main.storyboard; sourceTree = "<group>"; };
		C822DB4520823AD500A1A008 /* Assets.xcassets */ = {isa = PBXFileReference; lastKnownFileType = folder.assetcatalog; path = Assets.xcassets; sourceTree = "<group>"; };
		C822DB4820823AD500A1A008 /* Base */ = {isa = PBXFileReference; lastKnownFileType = file.storyboard; name = Base; path = Base.lproj/LaunchScreen.storyboard; sourceTree = "<group>"; };
		C822DB4A20823AD600A1A008 /* Info.plist */ = {isa = PBXFileReference; lastKnownFileType = text.plist.xml; path = Info.plist; sourceTree = "<group>"; };
		C822DB5020823BB500A1A008 /* GoogleService-Info.plist */ = {isa = PBXFileReference; fileEncoding = 4; lastKnownFileType = text.plist.xml; path = "GoogleService-Info.plist"; sourceTree = "<group>"; };
		C822DB542082585A00A1A008 /* LineSelectTVC.swift */ = {isa = PBXFileReference; lastKnownFileType = sourcecode.swift; path = LineSelectTVC.swift; sourceTree = "<group>"; };
		C822DB56208258F500A1A008 /* Line.swift */ = {isa = PBXFileReference; lastKnownFileType = sourcecode.swift; path = Line.swift; sourceTree = "<group>"; };
		C822DB582082933000A1A008 /* AddReviewVC.swift */ = {isa = PBXFileReference; lastKnownFileType = sourcecode.swift; path = AddReviewVC.swift; sourceTree = "<group>"; };
		E0B541849A0C8379EF6B48FF /* Pods-CafYelp.release.xcconfig */ = {isa = PBXFileReference; includeInIndex = 1; lastKnownFileType = text.xcconfig; name = "Pods-CafYelp.release.xcconfig"; path = "Pods/Target Support Files/Pods-CafYelp/Pods-CafYelp.release.xcconfig"; sourceTree = "<group>"; };
/* End PBXFileReference section */

/* Begin PBXFrameworksBuildPhase section */
		C822DB3820823AD400A1A008 /* Frameworks */ = {
			isa = PBXFrameworksBuildPhase;
			buildActionMask = 2147483647;
			files = (
				11E1A4C97119502142CE35DC /* Pods_CafYelp.framework in Frameworks */,
			);
			runOnlyForDeploymentPostprocessing = 0;
		};
/* End PBXFrameworksBuildPhase section */

/* Begin PBXGroup section */
		8C9A122BB073F0D5F28AA3F1 /* Pods */ = {
			isa = PBXGroup;
			children = (
				5E654C1A1526AD40DAA44C62 /* Pods-CafYelp.debug.xcconfig */,
				E0B541849A0C8379EF6B48FF /* Pods-CafYelp.release.xcconfig */,
			);
			name = Pods;
			sourceTree = "<group>";
		};
		C822DB3220823AD400A1A008 = {
			isa = PBXGroup;
			children = (
				C822DB3D20823AD400A1A008 /* CafYelp */,
				C822DB3C20823AD400A1A008 /* Products */,
				8C9A122BB073F0D5F28AA3F1 /* Pods */,
				EECD7814A5AD2262D4F04F1F /* Frameworks */,
			);
			sourceTree = "<group>";
		};
		C822DB3C20823AD400A1A008 /* Products */ = {
			isa = PBXGroup;
			children = (
				C822DB3B20823AD400A1A008 /* CafYelp.app */,
			);
			name = Products;
			sourceTree = "<group>";
		};
		C822DB3D20823AD400A1A008 /* CafYelp */ = {
			isa = PBXGroup;
			children = (
				C822DB3E20823AD400A1A008 /* AppDelegate.swift */,
				C822DB56208258F500A1A008 /* Line.swift */,
				C822DB4220823AD400A1A008 /* Main.storyboard */,
				C822DB4020823AD400A1A008 /* MealSelectVC.swift */,
				C822DB582082933000A1A008 /* AddReviewVC.swift */,
				C822DB542082585A00A1A008 /* LineSelectTVC.swift */,
				AFC0FC8D2082628C0026F31F /* MealDetailsVC.swift */,
				C822DB4520823AD500A1A008 /* Assets.xcassets */,
				C822DB4720823AD500A1A008 /* LaunchScreen.storyboard */,
				C822DB4A20823AD600A1A008 /* Info.plist */,
				C822DB5020823BB500A1A008 /* GoogleService-Info.plist */,
			);
			path = CafYelp;
			sourceTree = "<group>";
		};
		EECD7814A5AD2262D4F04F1F /* Frameworks */ = {
			isa = PBXGroup;
			children = (
				6F005ABEAB866368413EF594 /* Pods_CafYelp.framework */,
			);
			name = Frameworks;
			sourceTree = "<group>";
		};
/* End PBXGroup section */

/* Begin PBXNativeTarget section */
		C822DB3A20823AD400A1A008 /* CafYelp */ = {
			isa = PBXNativeTarget;
			buildConfigurationList = C822DB4D20823AD600A1A008 /* Build configuration list for PBXNativeTarget "CafYelp" */;
			buildPhases = (
				68CF84217D655252AB0EFB66 /* [CP] Check Pods Manifest.lock */,
				C822DB3720823AD400A1A008 /* Sources */,
				C822DB3820823AD400A1A008 /* Frameworks */,
				C822DB3920823AD400A1A008 /* Resources */,
				351882D8AB88DBA88F8E5164 /* [CP] Embed Pods Frameworks */,
				FABF30D5A0AC693295B8CA35 /* [CP] Copy Pods Resources */,
			);
			buildRules = (
			);
			dependencies = (
			);
			name = CafYelp;
			productName = CafYelp;
			productReference = C822DB3B20823AD400A1A008 /* CafYelp.app */;
			productType = "com.apple.product-type.application";
		};
/* End PBXNativeTarget section */

/* Begin PBXProject section */
		C822DB3320823AD400A1A008 /* Project object */ = {
			isa = PBXProject;
			attributes = {
				LastSwiftUpdateCheck = 0930;
				LastUpgradeCheck = 0930;
				ORGANIZATIONNAME = "Brennan Linse";
				TargetAttributes = {
					C822DB3A20823AD400A1A008 = {
						CreatedOnToolsVersion = 9.3;
					};
				};
			};
			buildConfigurationList = C822DB3620823AD400A1A008 /* Build configuration list for PBXProject "CafYelp" */;
			compatibilityVersion = "Xcode 9.3";
			developmentRegion = en;
			hasScannedForEncodings = 0;
			knownRegions = (
				en,
				Base,
			);
			mainGroup = C822DB3220823AD400A1A008;
			productRefGroup = C822DB3C20823AD400A1A008 /* Products */;
			projectDirPath = "";
			projectRoot = "";
			targets = (
				C822DB3A20823AD400A1A008 /* CafYelp */,
			);
		};
/* End PBXProject section */

/* Begin PBXResourcesBuildPhase section */
		C822DB3920823AD400A1A008 /* Resources */ = {
			isa = PBXResourcesBuildPhase;
			buildActionMask = 2147483647;
			files = (
				C822DB4920823AD500A1A008 /* LaunchScreen.storyboard in Resources */,
				C822DB4620823AD500A1A008 /* Assets.xcassets in Resources */,
				C822DB4420823AD400A1A008 /* Main.storyboard in Resources */,
				C822DB5120823BB500A1A008 /* GoogleService-Info.plist in Resources */,
			);
			runOnlyForDeploymentPostprocessing = 0;
		};
/* End PBXResourcesBuildPhase section */

/* Begin PBXShellScriptBuildPhase section */
		351882D8AB88DBA88F8E5164 /* [CP] Embed Pods Frameworks */ = {
			isa = PBXShellScriptBuildPhase;
			buildActionMask = 2147483647;
			files = (
			);
			inputPaths = (
				"${SRCROOT}/Pods/Target Support Files/Pods-CafYelp/Pods-CafYelp-frameworks.sh",
				"${BUILT_PRODUCTS_DIR}/GTMSessionFetcher/GTMSessionFetcher.framework",
				"${BUILT_PRODUCTS_DIR}/GoogleToolboxForMac/GoogleToolboxForMac.framework",
				"${BUILT_PRODUCTS_DIR}/leveldb-library/leveldb.framework",
				"${BUILT_PRODUCTS_DIR}/nanopb/nanopb.framework",
			);
			name = "[CP] Embed Pods Frameworks";
			outputPaths = (
				"${TARGET_BUILD_DIR}/${FRAMEWORKS_FOLDER_PATH}/GTMSessionFetcher.framework",
				"${TARGET_BUILD_DIR}/${FRAMEWORKS_FOLDER_PATH}/GoogleToolboxForMac.framework",
				"${TARGET_BUILD_DIR}/${FRAMEWORKS_FOLDER_PATH}/leveldb.framework",
				"${TARGET_BUILD_DIR}/${FRAMEWORKS_FOLDER_PATH}/nanopb.framework",
			);
			runOnlyForDeploymentPostprocessing = 0;
			shellPath = /bin/sh;
			shellScript = "\"${SRCROOT}/Pods/Target Support Files/Pods-CafYelp/Pods-CafYelp-frameworks.sh\"\n";
			showEnvVarsInLog = 0;
		};
		68CF84217D655252AB0EFB66 /* [CP] Check Pods Manifest.lock */ = {
			isa = PBXShellScriptBuildPhase;
			buildActionMask = 2147483647;
			files = (
			);
			inputPaths = (
				"${PODS_PODFILE_DIR_PATH}/Podfile.lock",
				"${PODS_ROOT}/Manifest.lock",
			);
			name = "[CP] Check Pods Manifest.lock";
			outputPaths = (
				"$(DERIVED_FILE_DIR)/Pods-CafYelp-checkManifestLockResult.txt",
			);
			runOnlyForDeploymentPostprocessing = 0;
			shellPath = /bin/sh;
			shellScript = "diff \"${PODS_PODFILE_DIR_PATH}/Podfile.lock\" \"${PODS_ROOT}/Manifest.lock\" > /dev/null\nif [ $? != 0 ] ; then\n    # print error to STDERR\n    echo \"error: The sandbox is not in sync with the Podfile.lock. Run 'pod install' or update your CocoaPods installation.\" >&2\n    exit 1\nfi\n# This output is used by Xcode 'outputs' to avoid re-running this script phase.\necho \"SUCCESS\" > \"${SCRIPT_OUTPUT_FILE_0}\"\n";
			showEnvVarsInLog = 0;
		};
		FABF30D5A0AC693295B8CA35 /* [CP] Copy Pods Resources */ = {
			isa = PBXShellScriptBuildPhase;
			buildActionMask = 2147483647;
			files = (
			);
			inputPaths = (
			);
			name = "[CP] Copy Pods Resources";
			outputPaths = (
			);
			runOnlyForDeploymentPostprocessing = 0;
			shellPath = /bin/sh;
			shellScript = "\"${SRCROOT}/Pods/Target Support Files/Pods-CafYelp/Pods-CafYelp-resources.sh\"\n";
			showEnvVarsInLog = 0;
		};
/* End PBXShellScriptBuildPhase section */

/* Begin PBXSourcesBuildPhase section */
		C822DB3720823AD400A1A008 /* Sources */ = {
			isa = PBXSourcesBuildPhase;
			buildActionMask = 2147483647;
			files = (
				C822DB592082933000A1A008 /* AddReviewVC.swift in Sources */,
				AFC0FC8E2082628C0026F31F /* MealDetailsVC.swift in Sources */,
				C822DB4120823AD400A1A008 /* MealSelectVC.swift in Sources */,
				C822DB3F20823AD400A1A008 /* AppDelegate.swift in Sources */,
				AF40002D2082933700114904 /* Reviews.swift in Sources */,
				C822DB552082585A00A1A008 /* LineSelectTVC.swift in Sources */,
				C822DB57208258F500A1A008 /* Line.swift in Sources */,
			);
			runOnlyForDeploymentPostprocessing = 0;
		};
/* End PBXSourcesBuildPhase section */

/* Begin PBXVariantGroup section */
		C822DB4220823AD400A1A008 /* Main.storyboard */ = {
			isa = PBXVariantGroup;
			children = (
				C822DB4320823AD400A1A008 /* Base */,
			);
			name = Main.storyboard;
			sourceTree = "<group>";
		};
		C822DB4720823AD500A1A008 /* LaunchScreen.storyboard */ = {
			isa = PBXVariantGroup;
			children = (
				C822DB4820823AD500A1A008 /* Base */,
			);
			name = LaunchScreen.storyboard;
			sourceTree = "<group>";
		};
/* End PBXVariantGroup section */

/* Begin XCBuildConfiguration section */
		C822DB4B20823AD600A1A008 /* Debug */ = {
			isa = XCBuildConfiguration;
			buildSettings = {
				ALWAYS_SEARCH_USER_PATHS = NO;
				CLANG_ANALYZER_NONNULL = YES;
				CLANG_ANALYZER_NUMBER_OBJECT_CONVERSION = YES_AGGRESSIVE;
				CLANG_CXX_LANGUAGE_STANDARD = "gnu++14";
				CLANG_CXX_LIBRARY = "libc++";
				CLANG_ENABLE_MODULES = YES;
				CLANG_ENABLE_OBJC_ARC = YES;
				CLANG_ENABLE_OBJC_WEAK = YES;
				CLANG_WARN_BLOCK_CAPTURE_AUTORELEASING = YES;
				CLANG_WARN_BOOL_CONVERSION = YES;
				CLANG_WARN_COMMA = YES;
				CLANG_WARN_CONSTANT_CONVERSION = YES;
				CLANG_WARN_DEPRECATED_OBJC_IMPLEMENTATIONS = YES;
				CLANG_WARN_DIRECT_OBJC_ISA_USAGE = YES_ERROR;
				CLANG_WARN_DOCUMENTATION_COMMENTS = YES;
				CLANG_WARN_EMPTY_BODY = YES;
				CLANG_WARN_ENUM_CONVERSION = YES;
				CLANG_WARN_INFINITE_RECURSION = YES;
				CLANG_WARN_INT_CONVERSION = YES;
				CLANG_WARN_NON_LITERAL_NULL_CONVERSION = YES;
				CLANG_WARN_OBJC_IMPLICIT_RETAIN_SELF = YES;
				CLANG_WARN_OBJC_LITERAL_CONVERSION = YES;
				CLANG_WARN_OBJC_ROOT_CLASS = YES_ERROR;
				CLANG_WARN_RANGE_LOOP_ANALYSIS = YES;
				CLANG_WARN_STRICT_PROTOTYPES = YES;
				CLANG_WARN_SUSPICIOUS_MOVE = YES;
				CLANG_WARN_UNGUARDED_AVAILABILITY = YES_AGGRESSIVE;
				CLANG_WARN_UNREACHABLE_CODE = YES;
				CLANG_WARN__DUPLICATE_METHOD_MATCH = YES;
				CODE_SIGN_IDENTITY = "iPhone Developer";
				COPY_PHASE_STRIP = NO;
				DEBUG_INFORMATION_FORMAT = dwarf;
				ENABLE_STRICT_OBJC_MSGSEND = YES;
				ENABLE_TESTABILITY = YES;
				GCC_C_LANGUAGE_STANDARD = gnu11;
				GCC_DYNAMIC_NO_PIC = NO;
				GCC_NO_COMMON_BLOCKS = YES;
				GCC_OPTIMIZATION_LEVEL = 0;
				GCC_PREPROCESSOR_DEFINITIONS = (
					"DEBUG=1",
					"$(inherited)",
				);
				GCC_WARN_64_TO_32_BIT_CONVERSION = YES;
				GCC_WARN_ABOUT_RETURN_TYPE = YES_ERROR;
				GCC_WARN_UNDECLARED_SELECTOR = YES;
				GCC_WARN_UNINITIALIZED_AUTOS = YES_AGGRESSIVE;
				GCC_WARN_UNUSED_FUNCTION = YES;
				GCC_WARN_UNUSED_VARIABLE = YES;
				IPHONEOS_DEPLOYMENT_TARGET = 11.3;
				MTL_ENABLE_DEBUG_INFO = YES;
				ONLY_ACTIVE_ARCH = YES;
				SDKROOT = iphoneos;
				SWIFT_ACTIVE_COMPILATION_CONDITIONS = DEBUG;
				SWIFT_OPTIMIZATION_LEVEL = "-Onone";
			};
			name = Debug;
		};
		C822DB4C20823AD600A1A008 /* Release */ = {
			isa = XCBuildConfiguration;
			buildSettings = {
				ALWAYS_SEARCH_USER_PATHS = NO;
				CLANG_ANALYZER_NONNULL = YES;
				CLANG_ANALYZER_NUMBER_OBJECT_CONVERSION = YES_AGGRESSIVE;
				CLANG_CXX_LANGUAGE_STANDARD = "gnu++14";
				CLANG_CXX_LIBRARY = "libc++";
				CLANG_ENABLE_MODULES = YES;
				CLANG_ENABLE_OBJC_ARC = YES;
				CLANG_ENABLE_OBJC_WEAK = YES;
				CLANG_WARN_BLOCK_CAPTURE_AUTORELEASING = YES;
				CLANG_WARN_BOOL_CONVERSION = YES;
				CLANG_WARN_COMMA = YES;
				CLANG_WARN_CONSTANT_CONVERSION = YES;
				CLANG_WARN_DEPRECATED_OBJC_IMPLEMENTATIONS = YES;
				CLANG_WARN_DIRECT_OBJC_ISA_USAGE = YES_ERROR;
				CLANG_WARN_DOCUMENTATION_COMMENTS = YES;
				CLANG_WARN_EMPTY_BODY = YES;
				CLANG_WARN_ENUM_CONVERSION = YES;
				CLANG_WARN_INFINITE_RECURSION = YES;
				CLANG_WARN_INT_CONVERSION = YES;
				CLANG_WARN_NON_LITERAL_NULL_CONVERSION = YES;
				CLANG_WARN_OBJC_IMPLICIT_RETAIN_SELF = YES;
				CLANG_WARN_OBJC_LITERAL_CONVERSION = YES;
				CLANG_WARN_OBJC_ROOT_CLASS = YES_ERROR;
				CLANG_WARN_RANGE_LOOP_ANALYSIS = YES;
				CLANG_WARN_STRICT_PROTOTYPES = YES;
				CLANG_WARN_SUSPICIOUS_MOVE = YES;
				CLANG_WARN_UNGUARDED_AVAILABILITY = YES_AGGRESSIVE;
				CLANG_WARN_UNREACHABLE_CODE = YES;
				CLANG_WARN__DUPLICATE_METHOD_MATCH = YES;
				CODE_SIGN_IDENTITY = "iPhone Developer";
				COPY_PHASE_STRIP = NO;
				DEBUG_INFORMATION_FORMAT = "dwarf-with-dsym";
				ENABLE_NS_ASSERTIONS = NO;
				ENABLE_STRICT_OBJC_MSGSEND = YES;
				GCC_C_LANGUAGE_STANDARD = gnu11;
				GCC_NO_COMMON_BLOCKS = YES;
				GCC_WARN_64_TO_32_BIT_CONVERSION = YES;
				GCC_WARN_ABOUT_RETURN_TYPE = YES_ERROR;
				GCC_WARN_UNDECLARED_SELECTOR = YES;
				GCC_WARN_UNINITIALIZED_AUTOS = YES_AGGRESSIVE;
				GCC_WARN_UNUSED_FUNCTION = YES;
				GCC_WARN_UNUSED_VARIABLE = YES;
				IPHONEOS_DEPLOYMENT_TARGET = 11.3;
				MTL_ENABLE_DEBUG_INFO = NO;
				SDKROOT = iphoneos;
				SWIFT_COMPILATION_MODE = wholemodule;
				SWIFT_OPTIMIZATION_LEVEL = "-O";
				VALIDATE_PRODUCT = YES;
			};
			name = Release;
		};
		C822DB4E20823AD600A1A008 /* Debug */ = {
			isa = XCBuildConfiguration;
			baseConfigurationReference = 5E654C1A1526AD40DAA44C62 /* Pods-CafYelp.debug.xcconfig */;
			buildSettings = {
				ASSETCATALOG_COMPILER_APPICON_NAME = AppIcon;
				CODE_SIGN_STYLE = Automatic;
				DEVELOPMENT_TEAM = RQEL5W6SA3;
				INFOPLIST_FILE = CafYelp/Info.plist;
				IPHONEOS_DEPLOYMENT_TARGET = 11.3;
				LD_RUNPATH_SEARCH_PATHS = (
					"$(inherited)",
					"@executable_path/Frameworks",
				);
				PRODUCT_BUNDLE_IDENTIFIER = BrennanLinse.CafYelp;
				PRODUCT_NAME = "$(TARGET_NAME)";
				SWIFT_VERSION = 4.0;
				TARGETED_DEVICE_FAMILY = "1,2";
			};
			name = Debug;
		};
		C822DB4F20823AD600A1A008 /* Release */ = {
			isa = XCBuildConfiguration;
			baseConfigurationReference = E0B541849A0C8379EF6B48FF /* Pods-CafYelp.release.xcconfig */;
			buildSettings = {
				ASSETCATALOG_COMPILER_APPICON_NAME = AppIcon;
				CODE_SIGN_STYLE = Automatic;
				DEVELOPMENT_TEAM = RQEL5W6SA3;
				INFOPLIST_FILE = CafYelp/Info.plist;
				IPHONEOS_DEPLOYMENT_TARGET = 11.3;
				LD_RUNPATH_SEARCH_PATHS = (
					"$(inherited)",
					"@executable_path/Frameworks",
				);
				PRODUCT_BUNDLE_IDENTIFIER = BrennanLinse.CafYelp;
				PRODUCT_NAME = "$(TARGET_NAME)";
				SWIFT_VERSION = 4.0;
				TARGETED_DEVICE_FAMILY = "1,2";
			};
			name = Release;
		};
/* End XCBuildConfiguration section */

/* Begin XCConfigurationList section */
		C822DB3620823AD400A1A008 /* Build configuration list for PBXProject "CafYelp" */ = {
			isa = XCConfigurationList;
			buildConfigurations = (
				C822DB4B20823AD600A1A008 /* Debug */,
				C822DB4C20823AD600A1A008 /* Release */,
			);
			defaultConfigurationIsVisible = 0;
			defaultConfigurationName = Release;
		};
		C822DB4D20823AD600A1A008 /* Build configuration list for PBXNativeTarget "CafYelp" */ = {
			isa = XCConfigurationList;
			buildConfigurations = (
				C822DB4E20823AD600A1A008 /* Debug */,
				C822DB4F20823AD600A1A008 /* Release */,
			);
			defaultConfigurationIsVisible = 0;
			defaultConfigurationName = Release;
		};
/* End XCConfigurationList section */
	};
	rootObject = C822DB3320823AD400A1A008 /* Project object */;
}
